
Microsoft Visual Studio Solution File, Format Version 12.00
# Visual Studio Version 17
VisualStudioVersion = 17.2.32519.379
MinimumVisualStudioVersion = 10.0.40219.1
Project("{FAE04EC0-301F-11D3-BF4B-00C04F79EFBC}") = "APIProject", "APIProject\APIProject.csproj", "{7D641243-1FF0-4884-8212-13EBBD282CB2}"
EndProject
Global
	GlobalSection(SolutionConfigurationPlatforms) = preSolution
		Debug|Any CPU = Debug|Any CPU
		Release|Any CPU = Release|Any CPU
	EndGlobalSection
	GlobalSection(ProjectConfigurationPlatforms) = postSolution
		{7D641243-1FF0-4884-8212-13EBBD282CB2}.Debug|Any CPU.ActiveCfg = Debug|Any CPU
		{7D641243-1FF0-4884-8212-13EBBD282CB2}.Debug|Any CPU.Build.0 = Debug|Any CPU
		{7D641243-1FF0-4884-8212-13EBBD282CB2}.Release|Any CPU.ActiveCfg = Release|Any CPU
		{7D641243-1FF0-4884-8212-13EBBD282CB2}.Release|Any CPU.Build.0 = Release|Any CPU
	EndGlobalSection
	GlobalSection(SolutionProperties) = preSolution
		HideSolutionNode = FALSE
	EndGlobalSection
	GlobalSection(ExtensibilityGlobals) = postSolution
		SolutionGuid = {E9085EB3-AF32-4E8F-A287-FBAFFE8383B3}
	EndGlobalSection
EndGlobal
